Microsoft Visual Studio Solution File, Format Version 12.00
# Visual Studio Version 17
VisualStudioVersion = 17.7.34024.191
MinimumVisualStudioVersion = 10.0.40219.1
Project("{FAE04EC0-301F-11D3-BF4B-00C04F79EFBC}") = "Tree", "Tree.csproj", "{792B925B-DAA3-40C9-89FE-0FC8EB92CC0A}"
EndProject
Project("{FAE04EC0-301F-11D3-BF4B-00C04F79EFBC}") = "Treeviewtest", "..\..\Treeviewtest\Treeviewtest.csproj", "{8272AE24-0E25-46A3-A0EC-DA0A0BDBB522}"
EndProject
Global
	GlobalSection(SolutionConfigurationPlatforms) = preSolution
		Debug|Any CPU = Debug|Any CPU
		Release|Any CPU = Release|Any CPU
	EndGlobalSection
	GlobalSection(ProjectConfigurationPlatforms) = postSolution
		{792B925B-DAA3-40C9-89FE-0FC8EB92CC0A}.Debug|Any CPU.ActiveCfg = Debug|Any CPU
		{792B925B-DAA3-40C9-89FE-0FC8EB92CC0A}.Debug|Any CPU.Build.0 = Debug|Any CPU
		{792B925B-DAA3-40C9-89FE-0FC8EB92CC0A}.Release|Any CPU.ActiveCfg = Release|Any CPU
		{792B925B-DAA3-40C9-89FE-0FC8EB92CC0A}.Release|Any CPU.Build.0 = Release|Any CPU
		{8272AE24-0E25-46A3-A0EC-DA0A0BDBB522}.Debug|Any CPU.ActiveCfg = Debug|Any CPU
		{8272AE24-0E25-46A3-A0EC-DA0A0BDBB522}.Debug|Any CPU.Build.0 = Debug|Any CPU
		{8272AE24-0E25-46A3-A0EC-DA0A0BDBB522}.Release|Any CPU.ActiveCfg = Release|Any CPU
		{8272AE24-0E25-46A3-A0EC-DA0A0BDBB522}.Release|Any CPU.Build.0 = Release|Any CPU
	EndGlobalSection
	GlobalSection(SolutionProperties) = preSolution
		HideSolutionNode = FALSE
	EndGlobalSection
EndGlobal
